# This file is automatically @generated by Poetry 1.8.3 and should not be changed by hand.

[[package]]
name = "python-dotenv"
version = "1.1.0"
description = "Read key-value pairs from a .env file and set them as environment variables"
optional = false
python-versions = ">=3.9"
files = [
    {file = "python_dotenv-1.1.0-py3-none-any.whl", hash = "sha256:d7c01d9e2293916c18baf562d95698754b0dbbb5e74d457c45d4f6561fb9d55d"},
    {file = "python_dotenv-1.1.0.tar.gz", hash = "sha256:41f90bc6f5f177fb41f53e87666db362025010eb28f60a01c9143bfa33a2b2d5"},
]

[package.extras]
cli = ["click (>=5.0)"]

[[package]]
name = "slack-bolt"
version = "1.23.0"
description = "The Bolt Framework for Python"
optional = false
python-versions = ">=3.6"
files = [
    {file = "slack_bolt-1.23.0-py2.py3-none-any.whl", hash = "sha256:6d6ae39d80c964c362505ae4e587eed2b26dbc3a9f0cb76af1150c30fb670488"},
    {file = "slack_bolt-1.23.0.tar.gz", hash = "sha256:3d2c3eb13131407a94f925eb22b180d352c2d97b808303ef92b7a46d6508c843"},
]

[package.dependencies]
slack_sdk = ">=3.35.0,<4"

[[package]]
name = "slack-sdk"
version = "3.35.0"
description = "The Slack API Platform SDK for Python"
optional = false
python-versions = ">=3.6"
files = [
    {file = "slack_sdk-3.35.0-py2.py3-none-any.whl", hash = "sha256:00933d171fbd8a068b321ebb5f89612cc781d3183d8e3447c85499eca9d865be"},
    {file = "slack_sdk-3.35.0.tar.gz", hash = "sha256:8183b6cbf26a0c1e2441478cd9c0dc4eef08d60c1394cfdc9a769e309a9b6459"},
]

[package.extras]
optional = ["SQLAlchemy (>=1.4,<3)", "aiodns (>1.0)", "aiohttp (>=3.7.3,<4)", "boto3 (<=2)", "websocket-client (>=1,<2)", "websockets (>=9.1,<16)"]

[metadata]
lock-version = "2.0"
python-versions = "^3.11"
content-hash = "65fa1629df7f6b067eeae0e88403baea9563383f4ec8cb2f873d9b2dbf64b539"
